// !$*UTF8*$!
{
	archiveVersion = 1;
	classes = {
	};
	objectVersion = 46;
	objects = {

/* Begin PBXBuildFile section */
		888191FF1A55D52300EFF3DE /* AppDelegate.swift in Sources */ = {isa = PBXBuildFile; fileRef = 888191FE1A55D52300EFF3DE /* AppDelegate.swift */; };
		888192011A55D52300EFF3DE /* ViewController.swift in Sources */ = {isa = PBXBuildFile; fileRef = 888192001A55D52300EFF3DE /* ViewController.swift */; };
		888192061A55D52300EFF3DE /* Images.xcassets in Resources */ = {isa = PBXBuildFile; fileRef = 888192051A55D52300EFF3DE /* Images.xcassets */; };
		888192091A55D52300EFF3DE /* LaunchScreen.xib in Resources */ = {isa = PBXBuildFile; fileRef = 888192071A55D52300EFF3DE /* LaunchScreen.xib */; };
		888192151A55D52300EFF3DE /* Mind_Meld_3Tests.swift in Sources */ = {isa = PBXBuildFile; fileRef = 888192141A55D52300EFF3DE /* Mind_Meld_3Tests.swift */; };
		8881921F1A55D5DA00EFF3DE /* Candy.swift in Sources */ = {isa = PBXBuildFile; fileRef = 8881921E1A55D5DA00EFF3DE /* Candy.swift */; };
		888192231A55D6A200EFF3DE /* ViewController2.swift in Sources */ = {isa = PBXBuildFile; fileRef = 888192221A55D6A200EFF3DE /* ViewController2.swift */; };
		888192271A55F91400EFF3DE /* ViewController3.swift in Sources */ = {isa = PBXBuildFile; fileRef = 888192261A55F91400EFF3DE /* ViewController3.swift */; };
		8881922A1A56139300EFF3DE /* lou.jpg in Resources */ = {isa = PBXBuildFile; fileRef = 888192281A56139300EFF3DE /* lou.jpg */; };
		8881922B1A56139300EFF3DE /* mike.jpg in Resources */ = {isa = PBXBuildFile; fileRef = 888192291A56139300EFF3DE /* mike.jpg */; };
		8881922E1A5B7C5F00EFF3DE /* Bolts.framework in Frameworks */ = {isa = PBXBuildFile; fileRef = 8881922C1A5B7C5F00EFF3DE /* Bolts.framework */; };
		888192311A5B7CD000EFF3DE /* AudioToolbox.framework in Frameworks */ = {isa = PBXBuildFile; fileRef = 888192301A5B7CD000EFF3DE /* AudioToolbox.framework */; };
		8881923C1A5B7D2100EFF3DE /* CFNetwork.framework in Frameworks */ = {isa = PBXBuildFile; fileRef = 888192321A5B7D2100EFF3DE /* CFNetwork.framework */; };
		8881923D1A5B7D2100EFF3DE /* CoreGraphics.framework in Frameworks */ = {isa = PBXBuildFile; fileRef = 888192331A5B7D2100EFF3DE /* CoreGraphics.framework */; };
		8881923E1A5B7D2100EFF3DE /* CoreLocation.framework in Frameworks */ = {isa = PBXBuildFile; fileRef = 888192341A5B7D2100EFF3DE /* CoreLocation.framework */; };
		8881923F1A5B7D2100EFF3DE /* libsqlite3.dylib in Frameworks */ = {isa = PBXBuildFile; fileRef = 888192351A5B7D2100EFF3DE /* libsqlite3.dylib */; };
		888192401A5B7D2100EFF3DE /* libz.dylib in Frameworks */ = {isa = PBXBuildFile; fileRef = 888192361A5B7D2100EFF3DE /* libz.dylib */; };
		888192411A5B7D2100EFF3DE /* MobileCoreServices.framework in Frameworks */ = {isa = PBXBuildFile; fileRef = 888192371A5B7D2100EFF3DE /* MobileCoreServices.framework */; };
		888192421A5B7D2100EFF3DE /* QuartzCore.framework in Frameworks */ = {isa = PBXBuildFile; fileRef = 888192381A5B7D2100EFF3DE /* QuartzCore.framework */; };
		888192431A5B7D2100EFF3DE /* Security.framework in Frameworks */ = {isa = PBXBuildFile; fileRef = 888192391A5B7D2100EFF3DE /* Security.framework */; };
		888192441A5B7D2100EFF3DE /* StoreKit.framework in Frameworks */ = {isa = PBXBuildFile; fileRef = 8881923A1A5B7D2100EFF3DE /* StoreKit.framework */; };
		888192451A5B7D2100EFF3DE /* SystemConfiguration.framework in Frameworks */ = {isa = PBXBuildFile; fileRef = 8881923B1A5B7D2100EFF3DE /* SystemConfiguration.framework */; };
		8881924C1A5B821C00EFF3DE /* Main.storyboard in Resources */ = {isa = PBXBuildFile; fileRef = 8881924A1A5B821C00EFF3DE /* Main.storyboard */; };
		8881924E1A5B82C400EFF3DE /* LoginViewController.swift in Sources */ = {isa = PBXBuildFile; fileRef = 8881924D1A5B82C400EFF3DE /* LoginViewController.swift */; };
		888192501A5B83E900EFF3DE /* ParseFacebookUtils.framework in Frameworks */ = {isa = PBXBuildFile; fileRef = 8881924F1A5B83E900EFF3DE /* ParseFacebookUtils.framework */; };
		888192581A64B4B400EFF3DE /* Parse.framework in Frameworks */ = {isa = PBXBuildFile; fileRef = 888192571A64B4B400EFF3DE /* Parse.framework */; };
		8881925C1A659F9000EFF3DE /* GameOptionsTableViewController.swift in Sources */ = {isa = PBXBuildFile; fileRef = 8881925B1A659F9000EFF3DE /* GameOptionsTableViewController.swift */; };
		8881925E1A65A04D00EFF3DE /* GameOption.swift in Sources */ = {isa = PBXBuildFile; fileRef = 8881925D1A65A04D00EFF3DE /* GameOption.swift */; };
		888192F81A65C37A00EFF3DE /* FacebookSDK.framework in Frameworks */ = {isa = PBXBuildFile; fileRef = 888192F71A65C37A00EFF3DE /* FacebookSDK.framework */; };
		888193011A6878AB00EFF3DE /* MenuTabViewController.swift in Sources */ = {isa = PBXBuildFile; fileRef = 888193001A6878AB00EFF3DE /* MenuTabViewController.swift */; };
		888193041A687D6800EFF3DE /* Gestures@2x.png in Resources */ = {isa = PBXBuildFile; fileRef = 888193021A687D6800EFF3DE /* Gestures@2x.png */; };
		888193051A687D6800EFF3DE /* Players.png in Resources */ = {isa = PBXBuildFile; fileRef = 888193031A687D6800EFF3DE /* Players.png */; };
		888193071A687E4A00EFF3DE /* 1Star.png in Resources */ = {isa = PBXBuildFile; fileRef = 888193061A687E4A00EFF3DE /* 1Star.png */; };
		8881930A1A68818400EFF3DE /* GamesViewController.swift in Sources */ = {isa = PBXBuildFile; fileRef = 888193091A68818400EFF3DE /* GamesViewController.swift */; };
		8881930D1A6882C200EFF3DE /* Game.swift in Sources */ = {isa = PBXBuildFile; fileRef = 8881930C1A6882C200EFF3DE /* Game.swift */; };
		8881930F1A68836000EFF3DE /* SampleData.swift in Sources */ = {isa = PBXBuildFile; fileRef = 8881930E1A68836000EFF3DE /* SampleData.swift */; };
		888193131A6AD79D00EFF3DE /* spok.jpg in Resources */ = {isa = PBXBuildFile; fileRef = 888193121A6AD79D00EFF3DE /* spok.jpg */; };
		888193151A6ADBF700EFF3DE /* LoginViewController2.swift in Sources */ = {isa = PBXBuildFile; fileRef = 888193141A6ADBF700EFF3DE /* LoginViewController2.swift */; };
		8881931B1A6CDCB500EFF3DE /* RulesViewController.swift in Sources */ = {isa = PBXBuildFile; fileRef = 8881931A1A6CDCB500EFF3DE /* RulesViewController.swift */; };
		8881931D1A6CE81600EFF3DE /* SignInViewController.swift in Sources */ = {isa = PBXBuildFile; fileRef = 8881931C1A6CE81600EFF3DE /* SignInViewController.swift */; };
		8881931F1A6DF12000EFF3DE /* JaroWinkler.swift in Sources */ = {isa = PBXBuildFile; fileRef = 8881931E1A6DF12000EFF3DE /* JaroWinkler.swift */; };
/* End PBXBuildFile section */

/* Begin PBXContainerItemProxy section */
		8881920F1A55D52300EFF3DE /* PBXContainerItemProxy */ = {
			isa = PBXContainerItemProxy;
			containerPortal = 888191F11A55D52300EFF3DE /* Project object */;
			proxyType = 1;
			remoteGlobalIDString = 888191F81A55D52300EFF3DE;
			remoteInfo = "Mind Meld 3";
		};
/* End PBXContainerItemProxy section */

/* Begin PBXFileReference section */
		888191F91A55D52300EFF3DE /* Mind Meld 3.app */ = {isa = PBXFileReference; explicitFileType = wrapper.application; includeInIndex = 0; path = "Mind Meld 3.app"; sourceTree = BUILT_PRODUCTS_DIR; };
		888191FD1A55D52300EFF3DE /* Info.plist */ = {isa = PBXFileReference; lastKnownFileType = text.plist.xml; path = Info.plist; sourceTree = "<group>"; };
		888191FE1A55D52300EFF3DE /* AppDelegate.swift */ = {isa = PBXFileReference; lastKnownFileType = sourcecode.swift; path = AppDelegate.swift; sourceTree = "<group>"; };
		888192001A55D52300EFF3DE /* ViewController.swift */ = {isa = PBXFileReference; lastKnownFileType = sourcecode.swift; path = ViewController.swift; sourceTree = "<group>"; };
		888192051A55D52300EFF3DE /* Images.xcassets */ = {isa = PBXFileReference; lastKnownFileType = folder.assetcatalog; path = Images.xcassets; sourceTree = "<group>"; };
		888192081A55D52300EFF3DE /* Base */ = {isa = PBXFileReference; lastKnownFileType = file.xib; name = Base; path = Base.lproj/LaunchScreen.xib; sourceTree = "<group>"; };
		8881920E1A55D52300EFF3DE /* Mind Meld 3Tests.xctest */ = {isa = PBXFileReference; explicitFileType = wrapper.cfbundle; includeInIndex = 0; path = "Mind Meld 3Tests.xctest"; sourceTree = BUILT_PRODUCTS_DIR; };
		888192131A55D52300EFF3DE /* Info.plist */ = {isa = PBXFileReference; lastKnownFileType = text.plist.xml; path = Info.plist; sourceTree = "<group>"; };
		888192141A55D52300EFF3DE /* Mind_Meld_3Tests.swift */ = {isa = PBXFileReference; lastKnownFileType = sourcecode.swift; path = Mind_Meld_3Tests.swift; sourceTree = "<group>"; };
		8881921E1A55D5DA00EFF3DE /* Candy.swift */ = {isa = PBXFileReference; fileEncoding = 4; lastKnownFileType = sourcecode.swift; name = Candy.swift; path = "Mind Meld 3/Candy.swift"; sourceTree = "<group>"; };
		888192221A55D6A200EFF3DE /* ViewController2.swift */ = {isa = PBXFileReference; fileEncoding = 4; lastKnownFileType = sourcecode.swift; path = ViewController2.swift; sourceTree = "<group>"; };
		888192261A55F91400EFF3DE /* ViewController3.swift */ = {isa = PBXFileReference; fileEncoding = 4; lastKnownFileType = sourcecode.swift; path = ViewController3.swift; sourceTree = "<group>"; };
		888192281A56139300EFF3DE /* lou.jpg */ = {isa = PBXFileReference; lastKnownFileType = image.jpeg; name = lou.jpg; path = "Mind Meld 3/lou.jpg"; sourceTree = "<group>"; };
		888192291A56139300EFF3DE /* mike.jpg */ = {isa = PBXFileReference; lastKnownFileType = image.jpeg; name = mike.jpg; path = "Mind Meld 3/mike.jpg"; sourceTree = "<group>"; };
		8881922C1A5B7C5F00EFF3DE /* Bolts.framework */ = {isa = PBXFileReference; lastKnownFileType = wrapper.framework; path = Bolts.framework; sourceTree = "<group>"; };
		888192301A5B7CD000EFF3DE /* AudioToolbox.framework */ = {isa = PBXFileReference; lastKnownFileType = wrapper.framework; name = AudioToolbox.framework; path = System/Library/Frameworks/AudioToolbox.framework; sourceTree = SDKROOT; };
		888192321A5B7D2100EFF3DE /* CFNetwork.framework */ = {isa = PBXFileReference; lastKnownFileType = wrapper.framework; name = CFNetwork.framework; path = System/Library/Frameworks/CFNetwork.framework; sourceTree = SDKROOT; };
		888192331A5B7D2100EFF3DE /* CoreGraphics.framework */ = {isa = PBXFileReference; lastKnownFileType = wrapper.framework; name = CoreGraphics.framework; path = System/Library/Frameworks/CoreGraphics.framework; sourceTree = SDKROOT; };
		888192341A5B7D2100EFF3DE /* CoreLocation.framework */ = {isa = PBXFileReference; lastKnownFileType = wrapper.framework; name = CoreLocation.framework; path = System/Library/Frameworks/CoreLocation.framework; sourceTree = SDKROOT; };
		888192351A5B7D2100EFF3DE /* libsqlite3.dylib */ = {isa = PBXFileReference; lastKnownFileType = "compiled.mach-o.dylib"; name = libsqlite3.dylib; path = usr/lib/libsqlite3.dylib; sourceTree = SDKROOT; };
		888192361A5B7D2100EFF3DE /* libz.dylib */ = {isa = PBXFileReference; lastKnownFileType = "compiled.mach-o.dylib"; name = libz.dylib; path = usr/lib/libz.dylib; sourceTree = SDKROOT; };
		888192371A5B7D2100EFF3DE /* MobileCoreServices.framework */ = {isa = PBXFileReference; lastKnownFileType = wrapper.framework; name = MobileCoreServices.framework; path = System/Library/Frameworks/MobileCoreServices.framework; sourceTree = SDKROOT; };
		888192381A5B7D2100EFF3DE /* QuartzCore.framework */ = {isa = PBXFileReference; lastKnownFileType = wrapper.framework; name = QuartzCore.framework; path = System/Library/Frameworks/QuartzCore.framework; sourceTree = SDKROOT; };
		888192391A5B7D2100EFF3DE /* Security.framework */ = {isa = PBXFileReference; lastKnownFileType = wrapper.framework; name = Security.framework; path = System/Library/Frameworks/Security.framework; sourceTree = SDKROOT; };
		8881923A1A5B7D2100EFF3DE /* StoreKit.framework */ = {isa = PBXFileReference; lastKnownFileType = wrapper.framework; name = StoreKit.framework; path = System/Library/Frameworks/StoreKit.framework; sourceTree = SDKROOT; };
		8881923B1A5B7D2100EFF3DE /* SystemConfiguration.framework */ = {isa = PBXFileReference; lastKnownFileType = wrapper.framework; name = SystemConfiguration.framework; path = System/Library/Frameworks/SystemConfiguration.framework; sourceTree = SDKROOT; };
		888192461A5B7DFF00EFF3DE /* bridge.h */ = {isa = PBXFileReference; lastKnownFileType = sourcecode.c.h; path = bridge.h; sourceTree = "<group>"; };
		8881924B1A5B821C00EFF3DE /* Base */ = {isa = PBXFileReference; lastKnownFileType = file.storyboard; name = Base; path = Base.lproj/Main.storyboard; sourceTree = "<group>"; };
		8881924D1A5B82C400EFF3DE /* LoginViewController.swift */ = {isa = PBXFileReference; fileEncoding = 4; lastKnownFileType = sourcecode.swift; path = LoginViewController.swift; sourceTree = "<group>"; };
		8881924F1A5B83E900EFF3DE /* ParseFacebookUtils.framework */ = {isa = PBXFileReference; lastKnownFileType = wrapper.framework; path = ParseFacebookUtils.framework; sourceTree = "<group>"; };
		888192571A64B4B400EFF3DE /* Parse.framework */ = {isa = PBXFileReference; lastKnownFileType = wrapper.framework; name = Parse.framework; path = "../../../Downloads/parse-library-1/Parse.framework"; sourceTree = "<group>"; };
		8881925B1A659F9000EFF3DE /* GameOptionsTableViewController.swift */ = {isa = PBXFileReference; fileEncoding = 4; lastKnownFileType = sourcecode.swift; path = GameOptionsTableViewController.swift; sourceTree = "<group>"; };
		8881925D1A65A04D00EFF3DE /* GameOption.swift */ = {isa = PBXFileReference; fileEncoding = 4; lastKnownFileType = sourcecode.swift; name = GameOption.swift; path = "Mind Meld 3/GameOption.swift"; sourceTree = "<group>"; };
		888192F71A65C37A00EFF3DE /* FacebookSDK.framework */ = {isa = PBXFileReference; lastKnownFileType = wrapper.framework; name = FacebookSDK.framework; path = ../../../Documents/FacebookSDK/FacebookSDK.framework; sourceTree = "<group>"; };
		888193001A6878AB00EFF3DE /* MenuTabViewController.swift */ = {isa = PBXFileReference; fileEncoding = 4; lastKnownFileType = sourcecode.swift; path = MenuTabViewController.swift; sourceTree = "<group>"; };
		888193021A687D6800EFF3DE /* Gestures@2x.png */ = {isa = PBXFileReference; lastKnownFileType = image.png; name = "Gestures@2x.png"; path = "../../Downloads/Images/Gestures@2x.png"; sourceTree = "<group>"; };
		888193031A687D6800EFF3DE /* Players.png */ = {isa = PBXFileReference; lastKnownFileType = image.png; name = Players.png; path = ../../Downloads/Images/Players.png; sourceTree = "<group>"; };
		888193061A687E4A00EFF3DE /* 1Star.png */ = {isa = PBXFileReference; lastKnownFileType = image.png; name = 1Star.png; path = ../../Downloads/Images/1Star.png; sourceTree = "<group>"; };
		888193091A68818400EFF3DE /* GamesViewController.swift */ = {isa = PBXFileReference; fileEncoding = 4; lastKnownFileType = sourcecode.swift; path = GamesViewController.swift; sourceTree = "<group>"; };
		8881930C1A6882C200EFF3DE /* Game.swift */ = {isa = PBXFileReference; fileEncoding = 4; lastKnownFileType = sourcecode.swift; path = Game.swift; sourceTree = "<group>"; };
		8881930E1A68836000EFF3DE /* SampleData.swift */ = {isa = PBXFileReference; fileEncoding = 4; lastKnownFileType = sourcecode.swift; path = SampleData.swift; sourceTree = "<group>"; };
		888193121A6AD79D00EFF3DE /* spok.jpg */ = {isa = PBXFileReference; lastKnownFileType = image.jpeg; name = spok.jpg; path = "Mind Meld 3/spok.jpg"; sourceTree = "<group>"; };
		888193141A6ADBF700EFF3DE /* LoginViewController2.swift */ = {isa = PBXFileReference; fileEncoding = 4; lastKnownFileType = sourcecode.swift; path = LoginViewController2.swift; sourceTree = "<group>"; };
		8881931A1A6CDCB500EFF3DE /* RulesViewController.swift */ = {isa = PBXFileReference; fileEncoding = 4; lastKnownFileType = sourcecode.swift; path = RulesViewController.swift; sourceTree = "<group>"; };
		8881931C1A6CE81600EFF3DE /* SignInViewController.swift */ = {isa = PBXFileReference; fileEncoding = 4; lastKnownFileType = sourcecode.swift; path = SignInViewController.swift; sourceTree = "<group>"; };
		8881931E1A6DF12000EFF3DE /* JaroWinkler.swift */ = {isa = PBXFileReference; fileEncoding = 4; lastKnownFileType = sourcecode.swift; path = JaroWinkler.swift; sourceTree = "<group>"; };
/* End PBXFileReference section */

/* Begin PBXFrameworksBuildPhase section */
		888191F61A55D52300EFF3DE /* Frameworks */ = {
			isa = PBXFrameworksBuildPhase;
			buildActionMask = 2147483647;
			files = (
				888192501A5B83E900EFF3DE /* ParseFacebookUtils.framework in Frameworks */,
				8881923C1A5B7D2100EFF3DE /* CFNetwork.framework in Frameworks */,
				8881923D1A5B7D2100EFF3DE /* CoreGraphics.framework in Frameworks */,
				8881923E1A5B7D2100EFF3DE /* CoreLocation.framework in Frameworks */,
				888192581A64B4B400EFF3DE /* Parse.framework in Frameworks */,
				8881923F1A5B7D2100EFF3DE /* libsqlite3.dylib in Frameworks */,
				888192401A5B7D2100EFF3DE /* libz.dylib in Frameworks */,
				888192411A5B7D2100EFF3DE /* MobileCoreServices.framework in Frameworks */,
				888192421A5B7D2100EFF3DE /* QuartzCore.framework in Frameworks */,
				888192431A5B7D2100EFF3DE /* Security.framework in Frameworks */,
				888192441A5B7D2100EFF3DE /* StoreKit.framework in Frameworks */,
				888192F81A65C37A00EFF3DE /* FacebookSDK.framework in Frameworks */,
				888192451A5B7D2100EFF3DE /* SystemConfiguration.framework in Frameworks */,
				888192311A5B7CD000EFF3DE /* AudioToolbox.framework in Frameworks */,
				8881922E1A5B7C5F00EFF3DE /* Bolts.framework in Frameworks */,
			);
			runOnlyForDeploymentPostprocessing = 0;
		};
		8881920B1A55D52300EFF3DE /* Frameworks */ = {
			isa = PBXFrameworksBuildPhase;
			buildActionMask = 2147483647;
			files = (
			);
			runOnlyForDeploymentPostprocessing = 0;
		};
/* End PBXFrameworksBuildPhase section */

/* Begin PBXGroup section */
		888191F01A55D52300EFF3DE = {
			isa = PBXGroup;
			children = (
				8881930B1A68826F00EFF3DE /* classes */,
				888193081A68814B00EFF3DE /* Images */,
				888192461A5B7DFF00EFF3DE /* bridge.h */,
				888191FB1A55D52300EFF3DE /* Mind Meld 3 */,
				888192111A55D52300EFF3DE /* Mind Meld 3Tests */,
				888191FA1A55D52300EFF3DE /* Products */,
			);
			sourceTree = "<group>";
		};
		888191FA1A55D52300EFF3DE /* Products */ = {
			isa = PBXGroup;
			children = (
				888191F91A55D52300EFF3DE /* Mind Meld 3.app */,
				8881920E1A55D52300EFF3DE /* Mind Meld 3Tests.xctest */,
			);
			name = Products;
			sourceTree = "<group>";
		};
		888191FB1A55D52300EFF3DE /* Mind Meld 3 */ = {
			isa = PBXGroup;
			children = (
				8881931E1A6DF12000EFF3DE /* JaroWinkler.swift */,
				8881924A1A5B821C00EFF3DE /* Main.storyboard */,
				8881931C1A6CE81600EFF3DE /* SignInViewController.swift */,
				888193141A6ADBF700EFF3DE /* LoginViewController2.swift */,
				888193001A6878AB00EFF3DE /* MenuTabViewController.swift */,
				8881931A1A6CDCB500EFF3DE /* RulesViewController.swift */,
				888193091A68818400EFF3DE /* GamesViewController.swift */,
				8881924D1A5B82C400EFF3DE /* LoginViewController.swift */,
				8881925B1A659F9000EFF3DE /* GameOptionsTableViewController.swift */,
				888191FE1A55D52300EFF3DE /* AppDelegate.swift */,
				888192001A55D52300EFF3DE /* ViewController.swift */,
				888192221A55D6A200EFF3DE /* ViewController2.swift */,
				888192261A55F91400EFF3DE /* ViewController3.swift */,
				888192051A55D52300EFF3DE /* Images.xcassets */,
				888192071A55D52300EFF3DE /* LaunchScreen.xib */,
				888191FC1A55D52300EFF3DE /* Supporting Files */,
			);
			path = "Mind Meld 3";
			sourceTree = "<group>";
		};
		888191FC1A55D52300EFF3DE /* Supporting Files */ = {
			isa = PBXGroup;
			children = (
				888192F71A65C37A00EFF3DE /* FacebookSDK.framework */,
				888192571A64B4B400EFF3DE /* Parse.framework */,
				888192321A5B7D2100EFF3DE /* CFNetwork.framework */,
				888192331A5B7D2100EFF3DE /* CoreGraphics.framework */,
				888192341A5B7D2100EFF3DE /* CoreLocation.framework */,
				888192351A5B7D2100EFF3DE /* libsqlite3.dylib */,
				888192361A5B7D2100EFF3DE /* libz.dylib */,
				888192371A5B7D2100EFF3DE /* MobileCoreServices.framework */,
				888192381A5B7D2100EFF3DE /* QuartzCore.framework */,
				888192391A5B7D2100EFF3DE /* Security.framework */,
				8881923A1A5B7D2100EFF3DE /* StoreKit.framework */,
				8881923B1A5B7D2100EFF3DE /* SystemConfiguration.framework */,
				888192301A5B7CD000EFF3DE /* AudioToolbox.framework */,
				8881924F1A5B83E900EFF3DE /* ParseFacebookUtils.framework */,
				8881922C1A5B7C5F00EFF3DE /* Bolts.framework */,
				888191FD1A55D52300EFF3DE /* Info.plist */,
			);
			name = "Supporting Files";
			sourceTree = "<group>";
		};
		888192111A55D52300EFF3DE /* Mind Meld 3Tests */ = {
			isa = PBXGroup;
			children = (
				888192141A55D52300EFF3DE /* Mind_Meld_3Tests.swift */,
				888192121A55D52300EFF3DE /* Supporting Files */,
			);
			path = "Mind Meld 3Tests";
			sourceTree = "<group>";
		};
		888192121A55D52300EFF3DE /* Supporting Files */ = {
			isa = PBXGroup;
			children = (
				888192131A55D52300EFF3DE /* Info.plist */,
			);
			name = "Supporting Files";
			sourceTree = "<group>";
		};
		888193081A68814B00EFF3DE /* Images */ = {
			isa = PBXGroup;
			children = (
				888193121A6AD79D00EFF3DE /* spok.jpg */,
				888192291A56139300EFF3DE /* mike.jpg */,
				888192281A56139300EFF3DE /* lou.jpg */,
				888193061A687E4A00EFF3DE /* 1Star.png */,
				888193021A687D6800EFF3DE /* Gestures@2x.png */,
				888193031A687D6800EFF3DE /* Players.png */,
			);
			name = Images;
			sourceTree = "<group>";
		};
		8881930B1A68826F00EFF3DE /* classes */ = {
			isa = PBXGroup;
			children = (
				8881921E1A55D5DA00EFF3DE /* Candy.swift */,
				8881925D1A65A04D00EFF3DE /* GameOption.swift */,
				8881930C1A6882C200EFF3DE /* Game.swift */,
				8881930E1A68836000EFF3DE /* SampleData.swift */,
			);
			name = classes;
			sourceTree = "<group>";
		};
/* End PBXGroup section */

/* Begin PBXNativeTarget section */
		888191F81A55D52300EFF3DE /* Mind Meld 3 */ = {
			isa = PBXNativeTarget;
			buildConfigurationList = 888192181A55D52300EFF3DE /* Build configuration list for PBXNativeTarget "Mind Meld 3" */;
			buildPhases = (
				888191F51A55D52300EFF3DE /* Sources */,
				888191F61A55D52300EFF3DE /* Frameworks */,
				888191F71A55D52300EFF3DE /* Resources */,
			);
			buildRules = (
			);
			dependencies = (
			);
			name = "Mind Meld 3";
			productName = "Mind Meld 3";
			productReference = 888191F91A55D52300EFF3DE /* Mind Meld 3.app */;
			productType = "com.apple.product-type.application";
		};
		8881920D1A55D52300EFF3DE /* Mind Meld 3Tests */ = {
			isa = PBXNativeTarget;
			buildConfigurationList = 8881921B1A55D52300EFF3DE /* Build configuration list for PBXNativeTarget "Mind Meld 3Tests" */;
			buildPhases = (
				8881920A1A55D52300EFF3DE /* Sources */,
				8881920B1A55D52300EFF3DE /* Frameworks */,
				8881920C1A55D52300EFF3DE /* Resources */,
			);
			buildRules = (
			);
			dependencies = (
				888192101A55D52300EFF3DE /* PBXTargetDependency */,
			);
			name = "Mind Meld 3Tests";
			productName = "Mind Meld 3Tests";
			productReference = 8881920E1A55D52300EFF3DE /* Mind Meld 3Tests.xctest */;
			productType = "com.apple.product-type.bundle.unit-test";
		};
/* End PBXNativeTarget section */

/* Begin PBXProject section */
		888191F11A55D52300EFF3DE /* Project object */ = {
			isa = PBXProject;
			attributes = {
				LastUpgradeCheck = 0610;
				ORGANIZATIONNAME = "Louis Konig";
				TargetAttributes = {
					888191F81A55D52300EFF3DE = {
						CreatedOnToolsVersion = 6.1.1;
						DevelopmentTeam = 3G3NS8HVHJ;
					};
					8881920D1A55D52300EFF3DE = {
						CreatedOnToolsVersion = 6.1.1;
						TestTargetID = 888191F81A55D52300EFF3DE;
					};
				};
			};
			buildConfigurationList = 888191F41A55D52300EFF3DE /* Build configuration list for PBXProject "Mind Meld 3" */;
			compatibilityVersion = "Xcode 3.2";
			developmentRegion = English;
			hasScannedForEncodings = 0;
			knownRegions = (
				en,
				Base,
			);
			mainGroup = 888191F01A55D52300EFF3DE;
			productRefGroup = 888191FA1A55D52300EFF3DE /* Products */;
			projectDirPath = "";
			projectRoot = "";
			targets = (
				888191F81A55D52300EFF3DE /* Mind Meld 3 */,
				8881920D1A55D52300EFF3DE /* Mind Meld 3Tests */,
			);
		};
/* End PBXProject section */

/* Begin PBXResourcesBuildPhase section */
		888191F71A55D52300EFF3DE /* Resources */ = {
			isa = PBXResourcesBuildPhase;
			buildActionMask = 2147483647;
			files = (
				8881922B1A56139300EFF3DE /* mike.jpg in Resources */,
				888192091A55D52300EFF3DE /* LaunchScreen.xib in Resources */,
				8881922A1A56139300EFF3DE /* lou.jpg in Resources */,
				888193051A687D6800EFF3DE /* Players.png in Resources */,
				888193131A6AD79D00EFF3DE /* spok.jpg in Resources */,
				888192061A55D52300EFF3DE /* Images.xcassets in Resources */,
				888193041A687D6800EFF3DE /* Gestures@2x.png in Resources */,
				8881924C1A5B821C00EFF3DE /* Main.storyboard in Resources */,
				888193071A687E4A00EFF3DE /* 1Star.png in Resources */,
			);
			runOnlyForDeploymentPostprocessing = 0;
		};
		8881920C1A55D52300EFF3DE /* Resources */ = {
			isa = PBXResourcesBuildPhase;
			buildActionMask = 2147483647;
			files = (
			);
			runOnlyForDeploymentPostprocessing = 0;
		};
/* End PBXResourcesBuildPhase section */

/* Begin PBXSourcesBuildPhase section */
		888191F51A55D52300EFF3DE /* Sources */ = {
			isa = PBXSourcesBuildPhase;
			buildActionMask = 2147483647;
			files = (
				8881924E1A5B82C400EFF3DE /* LoginViewController.swift in Sources */,
				8881930D1A6882C200EFF3DE /* Game.swift in Sources */,
				888192271A55F91400EFF3DE /* ViewController3.swift in Sources */,
				888192011A55D52300EFF3DE /* ViewController.swift in Sources */,
				8881931F1A6DF12000EFF3DE /* JaroWinkler.swift in Sources */,
				8881931B1A6CDCB500EFF3DE /* RulesViewController.swift in Sources */,
				888193011A6878AB00EFF3DE /* MenuTabViewController.swift in Sources */,
				8881930A1A68818400EFF3DE /* GamesViewController.swift in Sources */,
				888192231A55D6A200EFF3DE /* ViewController2.swift in Sources */,
				8881925C1A659F9000EFF3DE /* GameOptionsTableViewController.swift in Sources */,
				8881921F1A55D5DA00EFF3DE /* Candy.swift in Sources */,
				8881930F1A68836000EFF3DE /* SampleData.swift in Sources */,
				8881931D1A6CE81600EFF3DE /* SignInViewController.swift in Sources */,
				888193151A6ADBF700EFF3DE /* LoginViewController2.swift in Sources */,
				8881925E1A65A04D00EFF3DE /* GameOption.swift in Sources */,
				888191FF1A55D52300EFF3DE /* AppDelegate.swift in Sources */,
			);
			runOnlyForDeploymentPostprocessing = 0;
		};
		8881920A1A55D52300EFF3DE /* Sources */ = {
			isa = PBXSourcesBuildPhase;
			buildActionMask = 2147483647;
			files = (
				888192151A55D52300EFF3DE /* Mind_Meld_3Tests.swift in Sources */,
			);
			runOnlyForDeploymentPostprocessing = 0;
		};
/* End PBXSourcesBuildPhase section */

/* Begin PBXTargetDependency section */
		888192101A55D52300EFF3DE /* PBXTargetDependency */ = {
			isa = PBXTargetDependency;
			target = 888191F81A55D52300EFF3DE /* Mind Meld 3 */;
			targetProxy = 8881920F1A55D52300EFF3DE /* PBXContainerItemProxy */;
		};
/* End PBXTargetDependency section */

/* Begin PBXVariantGroup section */
		888192071A55D52300EFF3DE /* LaunchScreen.xib */ = {
			isa = PBXVariantGroup;
			children = (
				888192081A55D52300EFF3DE /* Base */,
			);
			name = LaunchScreen.xib;
			sourceTree = "<group>";
		};
		8881924A1A5B821C00EFF3DE /* Main.storyboard */ = {
			isa = PBXVariantGroup;
			children = (
				8881924B1A5B821C00EFF3DE /* Base */,
			);
			name = Main.storyboard;
			sourceTree = "<group>";
		};
/* End PBXVariantGroup section */

/* Begin XCBuildConfiguration section */
		888192161A55D52300EFF3DE /* Debug */ = {
			isa = XCBuildConfiguration;
			buildSettings = {
				ALWAYS_SEARCH_USER_PATHS = NO;
				CLANG_CXX_LANGUAGE_STANDARD = "gnu++0x";
				CLANG_CXX_LIBRARY = "libc++";
				CLANG_ENABLE_MODULES = YES;
				CLANG_ENABLE_OBJC_ARC = YES;
				CLANG_WARN_BOOL_CONVERSION = YES;
				CLANG_WARN_CONSTANT_CONVERSION = YES;
				CLANG_WARN_DIRECT_OBJC_ISA_USAGE = YES_ERROR;
				CLANG_WARN_EMPTY_BODY = YES;
				CLANG_WARN_ENUM_CONVERSION = YES;
				CLANG_WARN_INT_CONVERSION = YES;
				CLANG_WARN_OBJC_ROOT_CLASS = YES_ERROR;
				CLANG_WARN_UNREACHABLE_CODE = YES;
				CLANG_WARN__DUPLICATE_METHOD_MATCH = YES;
				"CODE_SIGN_IDENTITY[sdk=iphoneos*]" = "iPhone Developer";
				COPY_PHASE_STRIP = NO;
				ENABLE_STRICT_OBJC_MSGSEND = YES;
				GCC_C_LANGUAGE_STANDARD = gnu99;
				GCC_DYNAMIC_NO_PIC = NO;
				GCC_OPTIMIZATION_LEVEL = 0;
				GCC_PREPROCESSOR_DEFINITIONS = (
					"DEBUG=1",
					"$(inherited)",
				);
				GCC_SYMBOLS_PRIVATE_EXTERN = NO;
				GCC_WARN_64_TO_32_BIT_CONVERSION = YES;
				GCC_WARN_ABOUT_RETURN_TYPE = YES_ERROR;
				GCC_WARN_UNDECLARED_SELECTOR = YES;
				GCC_WARN_UNINITIALIZED_AUTOS = YES_AGGRESSIVE;
				GCC_WARN_UNUSED_FUNCTION = YES;
				GCC_WARN_UNUSED_VARIABLE = YES;
				IPHONEOS_DEPLOYMENT_TARGET = 8.1;
				MTL_ENABLE_DEBUG_INFO = YES;
				ONLY_ACTIVE_ARCH = YES;
				SDKROOT = iphoneos;
				SWIFT_OPTIMIZATION_LEVEL = "-Onone";
			};
			name = Debug;
		};
		888192171A55D52300EFF3DE /* Release */ = {
			isa = XCBuildConfiguration;
			buildSettings = {
				ALWAYS_SEARCH_USER_PATHS = NO;
				CLANG_CXX_LANGUAGE_STANDARD = "gnu++0x";
				CLANG_CXX_LIBRARY = "libc++";
				CLANG_ENABLE_MODULES = YES;
				CLANG_ENABLE_OBJC_ARC = YES;
				CLANG_WARN_BOOL_CONVERSION = YES;
				CLANG_WARN_CONSTANT_CONVERSION = YES;
				CLANG_WARN_DIRECT_OBJC_ISA_USAGE = YES_ERROR;
				CLANG_WARN_EMPTY_BODY = YES;
				CLANG_WARN_ENUM_CONVERSION = YES;
				CLANG_WARN_INT_CONVERSION = YES;
				CLANG_WARN_OBJC_ROOT_CLASS = YES_ERROR;
				CLANG_WARN_UNREACHABLE_CODE = YES;
				CLANG_WARN__DUPLICATE_METHOD_MATCH = YES;
				"CODE_SIGN_IDENTITY[sdk=iphoneos*]" = "iPhone Developer";
				COPY_PHASE_STRIP = YES;
				ENABLE_NS_ASSERTIONS = NO;
				ENABLE_STRICT_OBJC_MSGSEND = YES;
				GCC_C_LANGUAGE_STANDARD = gnu99;
				GCC_WARN_64_TO_32_BIT_CONVERSION = YES;
				GCC_WARN_ABOUT_RETURN_TYPE = YES_ERROR;
				GCC_WARN_UNDECLARED_SELECTOR = YES;
				GCC_WARN_UNINITIALIZED_AUTOS = YES_AGGRESSIVE;
				GCC_WARN_UNUSED_FUNCTION = YES;
				GCC_WARN_UNUSED_VARIABLE = YES;
				IPHONEOS_DEPLOYMENT_TARGET = 8.1;
				MTL_ENABLE_DEBUG_INFO = NO;
				SDKROOT = iphoneos;
				VALIDATE_PRODUCT = YES;
			};
			name = Release;
		};
		888192191A55D52300EFF3DE /* Debug */ = {
			isa = XCBuildConfiguration;
			buildSettings = {
				ASSETCATALOG_COMPILER_APPICON_NAME = AppIcon;
				CODE_SIGN_IDENTITY = "iPhone Developer";
				"CODE_SIGN_IDENTITY[sdk=iphoneos*]" = "iPhone Developer";
				FRAMEWORK_SEARCH_PATHS = (
					"$(inherited)",
					"$(PROJECT_DIR)/Mind",
					Meld,
					3,
					"$(PROJECT_DIR)/Mind",
					Meld,
					3,
					"/Users/louiskonig/Downloads/parse-library-1",
					"$(PROJECT_DIR)/Mind",
					Meld,
					3,
					/Users/louiskonig/Documents/FacebookSDK,
				);
				INFOPLIST_FILE = "Mind Meld 3/Info.plist";
				LD_RUNPATH_SEARCH_PATHS = "$(inherited) @executable_path/Frameworks";
				PRODUCT_NAME = "$(TARGET_NAME)";
				PROVISIONING_PROFILE = "";
				SWIFT_OBJC_BRIDGING_HEADER = bridge.h;
			};
			name = Debug;
		};
		8881921A1A55D52300EFF3DE /* Release */ = {
			isa = XCBuildConfiguration;
			buildSettings = {
				ASSETCATALOG_COMPILER_APPICON_NAME = AppIcon;
				CODE_SIGN_IDENTITY = "iPhone Developer";
				"CODE_SIGN_IDENTITY[sdk=iphoneos*]" = "iPhone Developer";
				FRAMEWORK_SEARCH_PATHS = (
					"$(inherited)",
					"$(PROJECT_DIR)/Mind",
					Meld,
					3,
					"$(PROJECT_DIR)/Mind",
					Meld,
					3,
					"/Users/louiskonig/Downloads/parse-library-1",
					"$(PROJECT_DIR)/Mind",
					Meld,
					3,
					/Users/louiskonig/Documents/FacebookSDK,
				);
				INFOPLIST_FILE = "Mind Meld 3/Info.plist";
				LD_RUNPATH_SEARCH_PATHS = "$(inherited) @executable_path/Frameworks";
				PRODUCT_NAME = "$(TARGET_NAME)";
				PROVISIONING_PROFILE = "";
				SWIFT_OBJC_BRIDGING_HEADER = bridge.h;
			};
			name = Release;
		};
		8881921C1A55D52300EFF3DE /* Debug */ = {
			isa = XCBuildConfiguration;
			buildSettings = {
				BUNDLE_LOADER = "$(TEST_HOST)";
				FRAMEWORK_SEARCH_PATHS = (
					"$(SDKROOT)/Developer/Library/Frameworks",
					"$(inherited)",
				);
				GCC_PREPROCESSOR_DEFINITIONS = (
					"DEBUG=1",
					"$(inherited)",
				);
				INFOPLIST_FILE = "Mind Meld 3Tests/Info.plist";
				LD_RUNPATH_SEARCH_PATHS = "$(inherited) @executable_path/Frameworks @loader_path/Frameworks";
				PRODUCT_NAME = "$(TARGET_NAME)";
				TEST_HOST = "$(BUILT_PRODUCTS_DIR)/Mind Meld 3.app/Mind Meld 3";
			};
			name = Debug;
		};
		8881921D1A55D52300EFF3DE /* Release */ = {
			isa = XCBuildConfiguration;
			buildSettings = {
				BUNDLE_LOADER = "$(TEST_HOST)";
				FRAMEWORK_SEARCH_PATHS = (
					"$(SDKROOT)/Developer/Library/Frameworks",
					"$(inherited)",
				);
				INFOPLIST_FILE = "Mind Meld 3Tests/Info.plist";
				LD_RUNPATH_SEARCH_PATHS = "$(inherited) @executable_path/Frameworks @loader_path/Frameworks";
				PRODUCT_NAME = "$(TARGET_NAME)";
				TEST_HOST = "$(BUILT_PRODUCTS_DIR)/Mind Meld 3.app/Mind Meld 3";
			};
			name = Release;
		};
/* End XCBuildConfiguration section */

/* Begin XCConfigurationList section */
		888191F41A55D52300EFF3DE /* Build configuration list for PBXProject "Mind Meld 3" */ = {
			isa = XCConfigurationList;
			buildConfigurations = (
				888192161A55D52300EFF3DE /* Debug */,
				888192171A55D52300EFF3DE /* Release */,
			);
			defaultConfigurationIsVisible = 0;
			defaultConfigurationName = Release;
		};
		888192181A55D52300EFF3DE /* Build configuration list for PBXNativeTarget "Mind Meld 3" */ = {
			isa = XCConfigurationList;
			buildConfigurations = (
				888192191A55D52300EFF3DE /* Debug */,
				8881921A1A55D52300EFF3DE /* Release */,
			);
			defaultConfigurationIsVisible = 0;
			defaultConfigurationName = Release;
		};
		8881921B1A55D52300EFF3DE /* Build configuration list for PBXNativeTarget "Mind Meld 3Tests" */ = {
			isa = XCConfigurationList;
			buildConfigurations = (
				8881921C1A55D52300EFF3DE /* Debug */,
				8881921D1A55D52300EFF3DE /* Release */,
			);
			defaultConfigurationIsVisible = 0;
			defaultConfigurationName = Release;
		};
/* End XCConfigurationList section */
	};
	rootObject = 888191F11A55D52300EFF3DE /* Project object */;
}
