// !$*UTF8*$!
{
	archiveVersion = 1;
	classes = {
	};
	objectVersion = 46;
	objects = {

/* Begin PBXBuildFile section */
		888191FF1A55D52300EFF3DE /* AppDelegate.swift in Sources */ = {isa = PBXBuildFile; fileRef = 888191FE1A55D52300EFF3DE /* AppDelegate.swift */; };
		888192011A55D52300EFF3DE /* ViewController.swift in Sources */ = {isa = PBXBuildFile; fileRef = 888192001A55D52300EFF3DE /* ViewController.swift */; };
		888192041A55D52300EFF3DE /* Main.storyboard in Resources */ = {isa = PBXBuildFile; fileRef = 888192021A55D52300EFF3DE /* Main.storyboard */; };
		888192061A55D52300EFF3DE /* Images.xcassets in Resources */ = {isa = PBXBuildFile; fileRef = 888192051A55D52300EFF3DE /* Images.xcassets */; };
		888192091A55D52300EFF3DE /* LaunchScreen.xib in Resources */ = {isa = PBXBuildFile; fileRef = 888192071A55D52300EFF3DE /* LaunchScreen.xib */; };
		888192151A55D52300EFF3DE /* Mind_Meld_3Tests.swift in Sources */ = {isa = PBXBuildFile; fileRef = 888192141A55D52300EFF3DE /* Mind_Meld_3Tests.swift */; };
/* End PBXBuildFile section */

/* Begin PBXContainerItemProxy section */
		8881920F1A55D52300EFF3DE /* PBXContainerItemProxy */ = {
			isa = PBXContainerItemProxy;
			containerPortal = 888191F11A55D52300EFF3DE /* Project object */;
			proxyType = 1;
			remoteGlobalIDString = 888191F81A55D52300EFF3DE;
			remoteInfo = "Mind Meld 3";
		};
/* End PBXContainerItemProxy section */

/* Begin PBXFileReference section */
		888191F91A55D52300EFF3DE /* Mind Meld 3.app */ = {isa = PBXFileReference; explicitFileType = wrapper.application; includeInIndex = 0; path = "Mind Meld 3.app"; sourceTree = BUILT_PRODUCTS_DIR; };
		888191FD1A55D52300EFF3DE /* Info.plist */ = {isa = PBXFileReference; lastKnownFileType = text.plist.xml; path = Info.plist; sourceTree = "<group>"; };
		888191FE1A55D52300EFF3DE /* AppDelegate.swift */ = {isa = PBXFileReference; lastKnownFileType = sourcecode.swift; path = AppDelegate.swift; sourceTree = "<group>"; };
		888192001A55D52300EFF3DE /* ViewController.swift */ = {isa = PBXFileReference; lastKnownFileType = sourcecode.swift; path = ViewController.swift; sourceTree = "<group>"; };
		888192031A55D52300EFF3DE /* Base */ = {isa = PBXFileReference; lastKnownFileType = file.storyboard; name = Base; path = Base.lproj/Main.storyboard; sourceTree = "<group>"; };
		888192051A55D52300EFF3DE /* Images.xcassets */ = {isa = PBXFileReference; lastKnownFileType = folder.assetcatalog; path = Images.xcassets; sourceTree = "<group>"; };
		888192081A55D52300EFF3DE /* Base */ = {isa = PBXFileReference; lastKnownFileType = file.xib; name = Base; path = Base.lproj/LaunchScreen.xib; sourceTree = "<group>"; };
		8881920E1A55D52300EFF3DE /* Mind Meld 3Tests.xctest */ = {isa = PBXFileReference; explicitFileType = wrapper.cfbundle; includeInIndex = 0; path = "Mind Meld 3Tests.xctest"; sourceTree = BUILT_PRODUCTS_DIR; };
		888192131A55D52300EFF3DE /* Info.plist */ = {isa = PBXFileReference; lastKnownFileType = text.plist.xml; path = Info.plist; sourceTree = "<group>"; };
		888192141A55D52300EFF3DE /* Mind_Meld_3Tests.swift */ = {isa = PBXFileReference; lastKnownFileType = sourcecode.swift; path = Mind_Meld_3Tests.swift; sourceTree = "<group>"; };
/* End PBXFileReference section */

/* Begin PBXFrameworksBuildPhase section */
		888191F61A55D52300EFF3DE /* Frameworks */ = {
			isa = PBXFrameworksBuildPhase;
			buildActionMask = 2147483647;
			files = (
			);
			runOnlyForDeploymentPostprocessing = 0;
		};
		8881920B1A55D52300EFF3DE /* Frameworks */ = {
			isa = PBXFrameworksBuildPhase;
			buildActionMask = 2147483647;
			files = (
			);
			runOnlyForDeploymentPostprocessing = 0;
		};
/* End PBXFrameworksBuildPhase section */

/* Begin PBXGroup section */
		888191F01A55D52300EFF3DE = {
			isa = PBXGroup;
			children = (
				888191FB1A55D52300EFF3DE /* Mind Meld 3 */,
				888192111A55D52300EFF3DE /* Mind Meld 3Tests */,
				888191FA1A55D52300EFF3DE /* Products */,
			);
			sourceTree = "<group>";
		};
		888191FA1A55D52300EFF3DE /* Products */ = {
			isa = PBXGroup;
			children = (
				888191F91A55D52300EFF3DE /* Mind Meld 3.app */,
				8881920E1A55D52300EFF3DE /* Mind Meld 3Tests.xctest */,
			);
			name = Products;
			sourceTree = "<group>";
		};
		888191FB1A55D52300EFF3DE /* Mind Meld 3 */ = {
			isa = PBXGroup;
			children = (
				888191FE1A55D52300EFF3DE /* AppDelegate.swift */,
				888192001A55D52300EFF3DE /* ViewController.swift */,
				888192021A55D52300EFF3DE /* Main.storyboard */,
				888192051A55D52300EFF3DE /* Images.xcassets */,
				888192071A55D52300EFF3DE /* LaunchScreen.xib */,
				888191FC1A55D52300EFF3DE /* Supporting Files */,
			);
			path = "Mind Meld 3";
			sourceTree = "<group>";
		};
		888191FC1A55D52300EFF3DE /* Supporting Files */ = {
			isa = PBXGroup;
			children = (
				888191FD1A55D52300EFF3DE /* Info.plist */,
			);
			name = "Supporting Files";
			sourceTree = "<group>";
		};
		888192111A55D52300EFF3DE /* Mind Meld 3Tests */ = {
			isa = PBXGroup;
			children = (
				888192141A55D52300EFF3DE /* Mind_Meld_3Tests.swift */,
				888192121A55D52300EFF3DE /* Supporting Files */,
			);
			path = "Mind Meld 3Tests";
			sourceTree = "<group>";
		};
		888192121A55D52300EFF3DE /* Supporting Files */ = {
			isa = PBXGroup;
			children = (
				888192131A55D52300EFF3DE /* Info.plist */,
			);
			name = "Supporting Files";
			sourceTree = "<group>";
		};
/* End PBXGroup section */

/* Begin PBXNativeTarget section */
		888191F81A55D52300EFF3DE /* Mind Meld 3 */ = {
			isa = PBXNativeTarget;
			buildConfigurationList = 888192181A55D52300EFF3DE /* Build configuration list for PBXNativeTarget "Mind Meld 3" */;
			buildPhases = (
				888191F51A55D52300EFF3DE /* Sources */,
				888191F61A55D52300EFF3DE /* Frameworks */,
				888191F71A55D52300EFF3DE /* Resources */,
			);
			buildRules = (
			);
			dependencies = (
			);
			name = "Mind Meld 3";
			productName = "Mind Meld 3";
			productReference = 888191F91A55D52300EFF3DE /* Mind Meld 3.app */;
			productType = "com.apple.product-type.application";
		};
		8881920D1A55D52300EFF3DE /* Mind Meld 3Tests */ = {
			isa = PBXNativeTarget;
			buildConfigurationList = 8881921B1A55D52300EFF3DE /* Build configuration list for PBXNativeTarget "Mind Meld 3Tests" */;
			buildPhases = (
				8881920A1A55D52300EFF3DE /* Sources */,
				8881920B1A55D52300EFF3DE /* Frameworks */,
				8881920C1A55D52300EFF3DE /* Resources */,
			);
			buildRules = (
			);
			dependencies = (
				888192101A55D52300EFF3DE /* PBXTargetDependency */,
			);
			name = "Mind Meld 3Tests";
			productName = "Mind Meld 3Tests";
			productReference = 8881920E1A55D52300EFF3DE /* Mind Meld 3Tests.xctest */;
			productType = "com.apple.product-type.bundle.unit-test";
		};
/* End PBXNativeTarget section */

/* Begin PBXProject section */
		888191F11A55D52300EFF3DE /* Project object */ = {
			isa = PBXProject;
			attributes = {
				LastUpgradeCheck = 0610;
				ORGANIZATIONNAME = "Louis Konig";
				TargetAttributes = {
					888191F81A55D52300EFF3DE = {
						CreatedOnToolsVersion = 6.1.1;
					};
					8881920D1A55D52300EFF3DE = {
						CreatedOnToolsVersion = 6.1.1;
						TestTargetID = 888191F81A55D52300EFF3DE;
					};
				};
			};
			buildConfigurationList = 888191F41A55D52300EFF3DE /* Build configuration list for PBXProject "Mind Meld 3" */;
			compatibilityVersion = "Xcode 3.2";
			developmentRegion = English;
			hasScannedForEncodings = 0;
			knownRegions = (
				en,
				Base,
			);
			mainGroup = 888191F01A55D52300EFF3DE;
			productRefGroup = 888191FA1A55D52300EFF3DE /* Products */;
			projectDirPath = "";
			projectRoot = "";
			targets = (
				888191F81A55D52300EFF3DE /* Mind Meld 3 */,
				8881920D1A55D52300EFF3DE /* Mind Meld 3Tests */,
			);
		};
/* End PBXProject section */

/* Begin PBXResourcesBuildPhase section */
		888191F71A55D52300EFF3DE /* Resources */ = {
			isa = PBXResourcesBuildPhase;
			buildActionMask = 2147483647;
			files = (
				888192041A55D52300EFF3DE /* Main.storyboard in Resources */,
				888192091A55D52300EFF3DE /* LaunchScreen.xib in Resources */,
				888192061A55D52300EFF3DE /* Images.xcassets in Resources */,
			);
			runOnlyForDeploymentPostprocessing = 0;
		};
		8881920C1A55D52300EFF3DE /* Resources */ = {
			isa = PBXResourcesBuildPhase;
			buildActionMask = 2147483647;
			files = (
			);
			runOnlyForDeploymentPostprocessing = 0;
		};
/* End PBXResourcesBuildPhase section */

/* Begin PBXSourcesBuildPhase section */
		888191F51A55D52300EFF3DE /* Sources */ = {
			isa = PBXSourcesBuildPhase;
			buildActionMask = 2147483647;
			files = (
				888192011A55D52300EFF3DE /* ViewController.swift in Sources */,
				888191FF1A55D52300EFF3DE /* AppDelegate.swift in Sources */,
			);
			runOnlyForDeploymentPostprocessing = 0;
		};
		8881920A1A55D52300EFF3DE /* Sources */ = {
			isa = PBXSourcesBuildPhase;
			buildActionMask = 2147483647;
			files = (
				888192151A55D52300EFF3DE /* Mind_Meld_3Tests.swift in Sources */,
			);
			runOnlyForDeploymentPostprocessing = 0;
		};
/* End PBXSourcesBuildPhase section */

/* Begin PBXTargetDependency section */
		888192101A55D52300EFF3DE /* PBXTargetDependency */ = {
			isa = PBXTargetDependency;
			target = 888191F81A55D52300EFF3DE /* Mind Meld 3 */;
			targetProxy = 8881920F1A55D52300EFF3DE /* PBXContainerItemProxy */;
		};
/* End PBXTargetDependency section */

/* Begin PBXVariantGroup section */
		888192021A55D52300EFF3DE /* Main.storyboard */ = {
			isa = PBXVariantGroup;
			children = (
				888192031A55D52300EFF3DE /* Base */,
			);
			name = Main.storyboard;
			sourceTree = "<group>";
		};
		888192071A55D52300EFF3DE /* LaunchScreen.xib */ = {
			isa = PBXVariantGroup;
			children = (
				888192081A55D52300EFF3DE /* Base */,
			);
			name = LaunchScreen.xib;
			sourceTree = "<group>";
		};
/* End PBXVariantGroup section */

/* Begin XCBuildConfiguration section */
		888192161A55D52300EFF3DE /* Debug */ = {
			isa = XCBuildConfiguration;
			buildSettings = {
				ALWAYS_SEARCH_USER_PATHS = NO;
				CLANG_CXX_LANGUAGE_STANDARD = "gnu++0x";
				CLANG_CXX_LIBRARY = "libc++";
				CLANG_ENABLE_MODULES = YES;
				CLANG_ENABLE_OBJC_ARC = YES;
				CLANG_WARN_BOOL_CONVERSION = YES;
				CLANG_WARN_CONSTANT_CONVERSION = YES;
				CLANG_WARN_DIRECT_OBJC_ISA_USAGE = YES_ERROR;
				CLANG_WARN_EMPTY_BODY = YES;
				CLANG_WARN_ENUM_CONVERSION = YES;
				CLANG_WARN_INT_CONVERSION = YES;
				CLANG_WARN_OBJC_ROOT_CLASS = YES_ERROR;
				CLANG_WARN_UNREACHABLE_CODE = YES;
				CLANG_WARN__DUPLICATE_METHOD_MATCH = YES;
				"CODE_SIGN_IDENTITY[sdk=iphoneos*]" = "iPhone Developer";
				COPY_PHASE_STRIP = NO;
				ENABLE_STRICT_OBJC_MSGSEND = YES;
				GCC_C_LANGUAGE_STANDARD = gnu99;
				GCC_DYNAMIC_NO_PIC = NO;
				GCC_OPTIMIZATION_LEVEL = 0;
				GCC_PREPROCESSOR_DEFINITIONS = (
					"DEBUG=1",
					"$(inherited)",
				);
				GCC_SYMBOLS_PRIVATE_EXTERN = NO;
				GCC_WARN_64_TO_32_BIT_CONVERSION = YES;
				GCC_WARN_ABOUT_RETURN_TYPE = YES_ERROR;
				GCC_WARN_UNDECLARED_SELECTOR = YES;
				GCC_WARN_UNINITIALIZED_AUTOS = YES_AGGRESSIVE;
				GCC_WARN_UNUSED_FUNCTION = YES;
				GCC_WARN_UNUSED_VARIABLE = YES;
				IPHONEOS_DEPLOYMENT_TARGET = 8.1;
				MTL_ENABLE_DEBUG_INFO = YES;
				ONLY_ACTIVE_ARCH = YES;
				SDKROOT = iphoneos;
				SWIFT_OPTIMIZATION_LEVEL = "-Onone";
			};
			name = Debug;
		};
		888192171A55D52300EFF3DE /* Release */ = {
			isa = XCBuildConfiguration;
			buildSettings = {
				ALWAYS_SEARCH_USER_PATHS = NO;
				CLANG_CXX_LANGUAGE_STANDARD = "gnu++0x";
				CLANG_CXX_LIBRARY = "libc++";
				CLANG_ENABLE_MODULES = YES;
				CLANG_ENABLE_OBJC_ARC = YES;
				CLANG_WARN_BOOL_CONVERSION = YES;
				CLANG_WARN_CONSTANT_CONVERSION = YES;
				CLANG_WARN_DIRECT_OBJC_ISA_USAGE = YES_ERROR;
				CLANG_WARN_EMPTY_BODY = YES;
				CLANG_WARN_ENUM_CONVERSION = YES;
				CLANG_WARN_INT_CONVERSION = YES;
				CLANG_WARN_OBJC_ROOT_CLASS = YES_ERROR;
				CLANG_WARN_UNREACHABLE_CODE = YES;
				CLANG_WARN__DUPLICATE_METHOD_MATCH = YES;
				"CODE_SIGN_IDENTITY[sdk=iphoneos*]" = "iPhone Developer";
				COPY_PHASE_STRIP = YES;
				ENABLE_NS_ASSERTIONS = NO;
				ENABLE_STRICT_OBJC_MSGSEND = YES;
				GCC_C_LANGUAGE_STANDARD = gnu99;
				GCC_WARN_64_TO_32_BIT_CONVERSION = YES;
				GCC_WARN_ABOUT_RETURN_TYPE = YES_ERROR;
				GCC_WARN_UNDECLARED_SELECTOR = YES;
				GCC_WARN_UNINITIALIZED_AUTOS = YES_AGGRESSIVE;
				GCC_WARN_UNUSED_FUNCTION = YES;
				GCC_WARN_UNUSED_VARIABLE = YES;
				IPHONEOS_DEPLOYMENT_TARGET = 8.1;
				MTL_ENABLE_DEBUG_INFO = NO;
				SDKROOT = iphoneos;
				VALIDATE_PRODUCT = YES;
			};
			name = Release;
		};
		888192191A55D52300EFF3DE /* Debug */ = {
			isa = XCBuildConfiguration;
			buildSettings = {
				ASSETCATALOG_COMPILER_APPICON_NAME = AppIcon;
				INFOPLIST_FILE = "Mind Meld 3/Info.plist";
				LD_RUNPATH_SEARCH_PATHS = "$(inherited) @executable_path/Frameworks";
				PRODUCT_NAME = "$(TARGET_NAME)";
			};
			name = Debug;
		};
		8881921A1A55D52300EFF3DE /* Release */ = {
			isa = XCBuildConfiguration;
			buildSettings = {
				ASSETCATALOG_COMPILER_APPICON_NAME = AppIcon;
				INFOPLIST_FILE = "Mind Meld 3/Info.plist";
				LD_RUNPATH_SEARCH_PATHS = "$(inherited) @executable_path/Frameworks";
				PRODUCT_NAME = "$(TARGET_NAME)";
			};
			name = Release;
		};
		8881921C1A55D52300EFF3DE /* Debug */ = {
			isa = XCBuildConfiguration;
			buildSettings = {
				BUNDLE_LOADER = "$(TEST_HOST)";
				FRAMEWORK_SEARCH_PATHS = (
					"$(SDKROOT)/Developer/Library/Frameworks",
					"$(inherited)",
				);
				GCC_PREPROCESSOR_DEFINITIONS = (
					"DEBUG=1",
					"$(inherited)",
				);
				INFOPLIST_FILE = "Mind Meld 3Tests/Info.plist";
				LD_RUNPATH_SEARCH_PATHS = "$(inherited) @executable_path/Frameworks @loader_path/Frameworks";
				PRODUCT_NAME = "$(TARGET_NAME)";
				TEST_HOST = "$(BUILT_PRODUCTS_DIR)/Mind Meld 3.app/Mind Meld 3";
			};
			name = Debug;
		};
		8881921D1A55D52300EFF3DE /* Release */ = {
			isa = XCBuildConfiguration;
			buildSettings = {
				BUNDLE_LOADER = "$(TEST_HOST)";
				FRAMEWORK_SEARCH_PATHS = (
					"$(SDKROOT)/Developer/Library/Frameworks",
					"$(inherited)",
				);
				INFOPLIST_FILE = "Mind Meld 3Tests/Info.plist";
				LD_RUNPATH_SEARCH_PATHS = "$(inherited) @executable_path/Frameworks @loader_path/Frameworks";
				PRODUCT_NAME = "$(TARGET_NAME)";
				TEST_HOST = "$(BUILT_PRODUCTS_DIR)/Mind Meld 3.app/Mind Meld 3";
			};
			name = Release;
		};
/* End XCBuildConfiguration section */

/* Begin XCConfigurationList section */
		888191F41A55D52300EFF3DE /* Build configuration list for PBXProject "Mind Meld 3" */ = {
			isa = XCConfigurationList;
			buildConfigurations = (
				888192161A55D52300EFF3DE /* Debug */,
				888192171A55D52300EFF3DE /* Release */,
			);
			defaultConfigurationIsVisible = 0;
			defaultConfigurationName = Release;
		};
		888192181A55D52300EFF3DE /* Build configuration list for PBXNativeTarget "Mind Meld 3" */ = {
			isa = XCConfigurationList;
			buildConfigurations = (
				888192191A55D52300EFF3DE /* Debug */,
				8881921A1A55D52300EFF3DE /* Release */,
			);
			defaultConfigurationIsVisible = 0;
		};
		8881921B1A55D52300EFF3DE /* Build configuration list for PBXNativeTarget "Mind Meld 3Tests" */ = {
			isa = XCConfigurationList;
			buildConfigurations = (
				8881921C1A55D52300EFF3DE /* Debug */,
				8881921D1A55D52300EFF3DE /* Release */,
			);
			defaultConfigurationIsVisible = 0;
		};
/* End XCConfigurationList section */
	};
	rootObject = 888191F11A55D52300EFF3DE /* Project object */;
}
